// !$*UTF8*$!
{
	archiveVersion = 1;
	classes = {
	};
	objectVersion = 46;
	objects = {

/* Begin PBXBuildFile section */
		CE38466519F3B54700E7E789 /* ActionRequestHandler.m in Sources */ = {isa = PBXBuildFile; fileRef = CE38466419F3B54700E7E789 /* ActionRequestHandler.m */; };
		CE38466719F3B54700E7E789 /* Action.js in Resources */ = {isa = PBXBuildFile; fileRef = CE38466619F3B54700E7E789 /* Action.js */; };
		CE38466A19F3B54700E7E789 /* QRCodeReader.appex in Embed App Extensions */ = {isa = PBXBuildFile; fileRef = CE38465F19F3B54700E7E789 /* QRCodeReader.appex */; settings = {ATTRIBUTES = (RemoveHeadersOnCopy, ); }; };
		CEEBD52819F0BD3800B58151 /* main.m in Sources */ = {isa = PBXBuildFile; fileRef = CEEBD52719F0BD3800B58151 /* main.m */; };
		CEEBD52B19F0BD3800B58151 /* AppDelegate.m in Sources */ = {isa = PBXBuildFile; fileRef = CEEBD52A19F0BD3800B58151 /* AppDelegate.m */; };
		CEEBD52E19F0BD3800B58151 /* ViewController.m in Sources */ = {isa = PBXBuildFile; fileRef = CEEBD52D19F0BD3800B58151 /* ViewController.m */; };
		CEEBD53119F0BD3800B58151 /* Main.storyboard in Resources */ = {isa = PBXBuildFile; fileRef = CEEBD52F19F0BD3800B58151 /* Main.storyboard */; };
		CEEBD53319F0BD3800B58151 /* Images.xcassets in Resources */ = {isa = PBXBuildFile; fileRef = CEEBD53219F0BD3800B58151 /* Images.xcassets */; };
		CEEBD53619F0BD3800B58151 /* LaunchScreen.xib in Resources */ = {isa = PBXBuildFile; fileRef = CEEBD53419F0BD3800B58151 /* LaunchScreen.xib */; };
		CEEBD54219F0BD3800B58151 /* AVMediaCaptureTests.m in Sources */ = {isa = PBXBuildFile; fileRef = CEEBD54119F0BD3800B58151 /* AVMediaCaptureTests.m */; };
/* End PBXBuildFile section */

/* Begin PBXContainerItemProxy section */
		CE38466819F3B54700E7E789 /* PBXContainerItemProxy */ = {
			isa = PBXContainerItemProxy;
			containerPortal = CEEBD51A19F0BD3800B58151 /* Project object */;
			proxyType = 1;
			remoteGlobalIDString = CE38465E19F3B54700E7E789;
			remoteInfo = QRCodeReader;
		};
		CE38466B19F3B54700E7E789 /* PBXContainerItemProxy */ = {
			isa = PBXContainerItemProxy;
			containerPortal = CEEBD51A19F0BD3800B58151 /* Project object */;
			proxyType = 1;
			remoteGlobalIDString = CE38465E19F3B54700E7E789;
			remoteInfo = QRCodeReader;
		};
		CEEBD53C19F0BD3800B58151 /* PBXContainerItemProxy */ = {
			isa = PBXContainerItemProxy;
			containerPortal = CEEBD51A19F0BD3800B58151 /* Project object */;
			proxyType = 1;
			remoteGlobalIDString = CEEBD52119F0BD3800B58151;
			remoteInfo = AVMediaCapture;
		};
/* End PBXContainerItemProxy section */

/* Begin PBXCopyFilesBuildPhase section */
		CE38465819F3B3B900E7E789 /* Embed App Extensions */ = {
			isa = PBXCopyFilesBuildPhase;
			buildActionMask = 2147483647;
			dstPath = "";
			dstSubfolderSpec = 13;
			files = (
				CE38466A19F3B54700E7E789 /* QRCodeReader.appex in Embed App Extensions */,
			);
			name = "Embed App Extensions";
			runOnlyForDeploymentPostprocessing = 0;
		};
/* End PBXCopyFilesBuildPhase section */

/* Begin PBXFileReference section */
		CE38465F19F3B54700E7E789 /* QRCodeReader.appex */ = {isa = PBXFileReference; explicitFileType = "wrapper.app-extension"; includeInIndex = 0; path = QRCodeReader.appex; sourceTree = BUILT_PRODUCTS_DIR; };
		CE38466219F3B54700E7E789 /* Info.plist */ = {isa = PBXFileReference; lastKnownFileType = text.plist.xml; path = Info.plist; sourceTree = "<group>"; };
		CE38466319F3B54700E7E789 /* ActionRequestHandler.h */ = {isa = PBXFileReference; lastKnownFileType = sourcecode.c.h; path = ActionRequestHandler.h; sourceTree = "<group>"; };
		CE38466419F3B54700E7E789 /* ActionRequestHandler.m */ = {isa = PBXFileReference; lastKnownFileType = sourcecode.c.objc; path = ActionRequestHandler.m; sourceTree = "<group>"; };
		CE38466619F3B54700E7E789 /* Action.js */ = {isa = PBXFileReference; lastKnownFileType = sourcecode.javascript; path = Action.js; sourceTree = "<group>"; };
		CEEBD52219F0BD3800B58151 /* AVMediaCapture.app */ = {isa = PBXFileReference; explicitFileType = wrapper.application; includeInIndex = 0; path = AVMediaCapture.app; sourceTree = BUILT_PRODUCTS_DIR; };
		CEEBD52619F0BD3800B58151 /* Info.plist */ = {isa = PBXFileReference; lastKnownFileType = text.plist.xml; path = Info.plist; sourceTree = "<group>"; };
		CEEBD52719F0BD3800B58151 /* main.m */ = {isa = PBXFileReference; lastKnownFileType = sourcecode.c.objc; path = main.m; sourceTree = "<group>"; };
		CEEBD52919F0BD3800B58151 /* AppDelegate.h */ = {isa = PBXFileReference; lastKnownFileType = sourcecode.c.h; path = AppDelegate.h; sourceTree = "<group>"; };
		CEEBD52A19F0BD3800B58151 /* AppDelegate.m */ = {isa = PBXFileReference; lastKnownFileType = sourcecode.c.objc; path = AppDelegate.m; sourceTree = "<group>"; };
		CEEBD52C19F0BD3800B58151 /* ViewController.h */ = {isa = PBXFileReference; lastKnownFileType = sourcecode.c.h; path = ViewController.h; sourceTree = "<group>"; };
		CEEBD52D19F0BD3800B58151 /* ViewController.m */ = {isa = PBXFileReference; lastKnownFileType = sourcecode.c.objc; path = ViewController.m; sourceTree = "<group>"; };
		CEEBD53019F0BD3800B58151 /* Base */ = {isa = PBXFileReference; lastKnownFileType = file.storyboard; name = Base; path = Base.lproj/Main.storyboard; sourceTree = "<group>"; };
		CEEBD53219F0BD3800B58151 /* Images.xcassets */ = {isa = PBXFileReference; lastKnownFileType = folder.assetcatalog; path = Images.xcassets; sourceTree = "<group>"; };
		CEEBD53519F0BD3800B58151 /* Base */ = {isa = PBXFileReference; lastKnownFileType = file.xib; name = Base; path = Base.lproj/LaunchScreen.xib; sourceTree = "<group>"; };
		CEEBD53B19F0BD3800B58151 /* AVMediaCaptureTests.xctest */ = {isa = PBXFileReference; explicitFileType = wrapper.cfbundle; includeInIndex = 0; path = AVMediaCaptureTests.xctest; sourceTree = BUILT_PRODUCTS_DIR; };
		CEEBD54019F0BD3800B58151 /* Info.plist */ = {isa = PBXFileReference; lastKnownFileType = text.plist.xml; path = Info.plist; sourceTree = "<group>"; };
		CEEBD54119F0BD3800B58151 /* AVMediaCaptureTests.m */ = {isa = PBXFileReference; lastKnownFileType = sourcecode.c.objc; path = AVMediaCaptureTests.m; sourceTree = "<group>"; };
/* End PBXFileReference section */

/* Begin PBXFrameworksBuildPhase section */
		CE38465C19F3B54700E7E789 /* Frameworks */ = {
			isa = PBXFrameworksBuildPhase;
			buildActionMask = 2147483647;
			files = (
			);
			runOnlyForDeploymentPostprocessing = 0;
		};
		CEEBD51F19F0BD3800B58151 /* Frameworks */ = {
			isa = PBXFrameworksBuildPhase;
			buildActionMask = 2147483647;
			files = (
			);
			runOnlyForDeploymentPostprocessing = 0;
		};
		CEEBD53819F0BD3800B58151 /* Frameworks */ = {
			isa = PBXFrameworksBuildPhase;
			buildActionMask = 2147483647;
			files = (
			);
			runOnlyForDeploymentPostprocessing = 0;
		};
/* End PBXFrameworksBuildPhase section */

/* Begin PBXGroup section */
		CE38466019F3B54700E7E789 /* QRCodeReader */ = {
			isa = PBXGroup;
			children = (
				CE38466319F3B54700E7E789 /* ActionRequestHandler.h */,
				CE38466419F3B54700E7E789 /* ActionRequestHandler.m */,
				CE38466619F3B54700E7E789 /* Action.js */,
				CE38466119F3B54700E7E789 /* Supporting Files */,
			);
			path = QRCodeReader;
			sourceTree = "<group>";
		};
		CE38466119F3B54700E7E789 /* Supporting Files */ = {
			isa = PBXGroup;
			children = (
				CE38466219F3B54700E7E789 /* Info.plist */,
			);
			name = "Supporting Files";
			sourceTree = "<group>";
		};
		CEEBD51919F0BD3800B58151 = {
			isa = PBXGroup;
			children = (
				CEEBD52419F0BD3800B58151 /* AVMediaCapture */,
				CEEBD53E19F0BD3800B58151 /* AVMediaCaptureTests */,
				CE38466019F3B54700E7E789 /* QRCodeReader */,
				CEEBD52319F0BD3800B58151 /* Products */,
			);
			sourceTree = "<group>";
		};
		CEEBD52319F0BD3800B58151 /* Products */ = {
			isa = PBXGroup;
			children = (
				CEEBD52219F0BD3800B58151 /* AVMediaCapture.app */,
				CEEBD53B19F0BD3800B58151 /* AVMediaCaptureTests.xctest */,
				CE38465F19F3B54700E7E789 /* QRCodeReader.appex */,
			);
			name = Products;
			sourceTree = "<group>";
		};
		CEEBD52419F0BD3800B58151 /* AVMediaCapture */ = {
			isa = PBXGroup;
			children = (
				CEEBD52919F0BD3800B58151 /* AppDelegate.h */,
				CEEBD52A19F0BD3800B58151 /* AppDelegate.m */,
				CEEBD52C19F0BD3800B58151 /* ViewController.h */,
				CEEBD52D19F0BD3800B58151 /* ViewController.m */,
				CEEBD52F19F0BD3800B58151 /* Main.storyboard */,
				CEEBD53219F0BD3800B58151 /* Images.xcassets */,
				CEEBD53419F0BD3800B58151 /* LaunchScreen.xib */,
				CEEBD52519F0BD3800B58151 /* Supporting Files */,
			);
			path = AVMediaCapture;
			sourceTree = "<group>";
		};
		CEEBD52519F0BD3800B58151 /* Supporting Files */ = {
			isa = PBXGroup;
			children = (
				CEEBD52619F0BD3800B58151 /* Info.plist */,
				CEEBD52719F0BD3800B58151 /* main.m */,
			);
			name = "Supporting Files";
			sourceTree = "<group>";
		};
		CEEBD53E19F0BD3800B58151 /* AVMediaCaptureTests */ = {
			isa = PBXGroup;
			children = (
				CEEBD54119F0BD3800B58151 /* AVMediaCaptureTests.m */,
				CEEBD53F19F0BD3800B58151 /* Supporting Files */,
			);
			path = AVMediaCaptureTests;
			sourceTree = "<group>";
		};
		CEEBD53F19F0BD3800B58151 /* Supporting Files */ = {
			isa = PBXGroup;
			children = (
				CEEBD54019F0BD3800B58151 /* Info.plist */,
			);
			name = "Supporting Files";
			sourceTree = "<group>";
		};
/* End PBXGroup section */

/* Begin PBXNativeTarget section */
		CE38465E19F3B54700E7E789 /* QRCodeReader */ = {
			isa = PBXNativeTarget;
			buildConfigurationList = CE38466D19F3B54800E7E789 /* Build configuration list for PBXNativeTarget "QRCodeReader" */;
			buildPhases = (
				CE38465B19F3B54700E7E789 /* Sources */,
				CE38465C19F3B54700E7E789 /* Frameworks */,
				CE38465D19F3B54700E7E789 /* Resources */,
			);
			buildRules = (
			);
			dependencies = (
			);
			name = QRCodeReader;
			productName = QRCodeReader;
			productReference = CE38465F19F3B54700E7E789 /* QRCodeReader.appex */;
			productType = "com.apple.product-type.app-extension";
		};
		CEEBD52119F0BD3800B58151 /* AVMediaCapture */ = {
			isa = PBXNativeTarget;
			buildConfigurationList = CEEBD54519F0BD3800B58151 /* Build configuration list for PBXNativeTarget "AVMediaCapture" */;
			buildPhases = (
				CEEBD51E19F0BD3800B58151 /* Sources */,
				CEEBD51F19F0BD3800B58151 /* Frameworks */,
				CEEBD52019F0BD3800B58151 /* Resources */,
				CE38465819F3B3B900E7E789 /* Embed App Extensions */,
			);
			buildRules = (
			);
			dependencies = (
				CE38466919F3B54700E7E789 /* PBXTargetDependency */,
				CE38466C19F3B54700E7E789 /* PBXTargetDependency */,
			);
			name = AVMediaCapture;
			productName = AVMediaCapture;
			productReference = CEEBD52219F0BD3800B58151 /* AVMediaCapture.app */;
			productType = "com.apple.product-type.application";
		};
		CEEBD53A19F0BD3800B58151 /* AVMediaCaptureTests */ = {
			isa = PBXNativeTarget;
			buildConfigurationList = CEEBD54819F0BD3800B58151 /* Build configuration list for PBXNativeTarget "AVMediaCaptureTests" */;
			buildPhases = (
				CEEBD53719F0BD3800B58151 /* Sources */,
				CEEBD53819F0BD3800B58151 /* Frameworks */,
				CEEBD53919F0BD3800B58151 /* Resources */,
			);
			buildRules = (
			);
			dependencies = (
				CEEBD53D19F0BD3800B58151 /* PBXTargetDependency */,
			);
			name = AVMediaCaptureTests;
			productName = AVMediaCaptureTests;
			productReference = CEEBD53B19F0BD3800B58151 /* AVMediaCaptureTests.xctest */;
			productType = "com.apple.product-type.bundle.unit-test";
		};
/* End PBXNativeTarget section */

/* Begin PBXProject section */
		CEEBD51A19F0BD3800B58151 /* Project object */ = {
			isa = PBXProject;
			attributes = {
				LastUpgradeCheck = 0600;
				ORGANIZATIONNAME = cn.com.modernmedia;
				TargetAttributes = {
					CE38465E19F3B54700E7E789 = {
						CreatedOnToolsVersion = 6.0;
					};
					CEEBD52119F0BD3800B58151 = {
						CreatedOnToolsVersion = 6.0.1;
					};
					CEEBD53A19F0BD3800B58151 = {
						CreatedOnToolsVersion = 6.0.1;
						TestTargetID = CEEBD52119F0BD3800B58151;
					};
				};
			};
			buildConfigurationList = CEEBD51D19F0BD3800B58151 /* Build configuration list for PBXProject "AVMediaCapture" */;
			compatibilityVersion = "Xcode 3.2";
			developmentRegion = English;
			hasScannedForEncodings = 0;
			knownRegions = (
				en,
				Base,
			);
			mainGroup = CEEBD51919F0BD3800B58151;
			productRefGroup = CEEBD52319F0BD3800B58151 /* Products */;
			projectDirPath = "";
			projectRoot = "";
			targets = (
				CEEBD52119F0BD3800B58151 /* AVMediaCapture */,
				CEEBD53A19F0BD3800B58151 /* AVMediaCaptureTests */,
				CE38465E19F3B54700E7E789 /* QRCodeReader */,
			);
		};
/* End PBXProject section */

/* Begin PBXResourcesBuildPhase section */
		CE38465D19F3B54700E7E789 /* Resources */ = {
			isa = PBXResourcesBuildPhase;
			buildActionMask = 2147483647;
			files = (
				CE38466719F3B54700E7E789 /* Action.js in Resources */,
			);
			runOnlyForDeploymentPostprocessing = 0;
		};
		CEEBD52019F0BD3800B58151 /* Resources */ = {
			isa = PBXResourcesBuildPhase;
			buildActionMask = 2147483647;
			files = (
				CEEBD53119F0BD3800B58151 /* Main.storyboard in Resources */,
				CEEBD53619F0BD3800B58151 /* LaunchScreen.xib in Resources */,
				CEEBD53319F0BD3800B58151 /* Images.xcassets in Resources */,
			);
			runOnlyForDeploymentPostprocessing = 0;
		};
		CEEBD53919F0BD3800B58151 /* Resources */ = {
			isa = PBXResourcesBuildPhase;
			buildActionMask = 2147483647;
			files = (
			);
			runOnlyForDeploymentPostprocessing = 0;
		};
/* End PBXResourcesBuildPhase section */

/* Begin PBXSourcesBuildPhase section */
		CE38465B19F3B54700E7E789 /* Sources */ = {
			isa = PBXSourcesBuildPhase;
			buildActionMask = 2147483647;
			files = (
				CE38466519F3B54700E7E789 /* ActionRequestHandler.m in Sources */,
			);
			runOnlyForDeploymentPostprocessing = 0;
		};
		CEEBD51E19F0BD3800B58151 /* Sources */ = {
			isa = PBXSourcesBuildPhase;
			buildActionMask = 2147483647;
			files = (
				CEEBD52E19F0BD3800B58151 /* ViewController.m in Sources */,
				CEEBD52B19F0BD3800B58151 /* AppDelegate.m in Sources */,
				CEEBD52819F0BD3800B58151 /* main.m in Sources */,
			);
			runOnlyForDeploymentPostprocessing = 0;
		};
		CEEBD53719F0BD3800B58151 /* Sources */ = {
			isa = PBXSourcesBuildPhase;
			buildActionMask = 2147483647;
			files = (
				CEEBD54219F0BD3800B58151 /* AVMediaCaptureTests.m in Sources */,
			);
			runOnlyForDeploymentPostprocessing = 0;
		};
/* End PBXSourcesBuildPhase section */

/* Begin PBXTargetDependency section */
		CE38466919F3B54700E7E789 /* PBXTargetDependency */ = {
			isa = PBXTargetDependency;
			target = CE38465E19F3B54700E7E789 /* QRCodeReader */;
			targetProxy = CE38466819F3B54700E7E789 /* PBXContainerItemProxy */;
		};
		CE38466C19F3B54700E7E789 /* PBXTargetDependency */ = {
			isa = PBXTargetDependency;
			target = CE38465E19F3B54700E7E789 /* QRCodeReader */;
			targetProxy = CE38466B19F3B54700E7E789 /* PBXContainerItemProxy */;
		};
		CEEBD53D19F0BD3800B58151 /* PBXTargetDependency */ = {
			isa = PBXTargetDependency;
			target = CEEBD52119F0BD3800B58151 /* AVMediaCapture */;
			targetProxy = CEEBD53C19F0BD3800B58151 /* PBXContainerItemProxy */;
		};
/* End PBXTargetDependency section */

/* Begin PBXVariantGroup section */
		CEEBD52F19F0BD3800B58151 /* Main.storyboard */ = {
			isa = PBXVariantGroup;
			children = (
				CEEBD53019F0BD3800B58151 /* Base */,
			);
			name = Main.storyboard;
			sourceTree = "<group>";
		};
		CEEBD53419F0BD3800B58151 /* LaunchScreen.xib */ = {
			isa = PBXVariantGroup;
			children = (
				CEEBD53519F0BD3800B58151 /* Base */,
			);
			name = LaunchScreen.xib;
			sourceTree = "<group>";
		};
/* End PBXVariantGroup section */

/* Begin XCBuildConfiguration section */
		CE38466E19F3B54800E7E789 /* Debug */ = {
			isa = XCBuildConfiguration;
			buildSettings = {
				GCC_PREPROCESSOR_DEFINITIONS = (
					"DEBUG=1",
					"$(inherited)",
				);
				INFOPLIST_FILE = QRCodeReader/Info.plist;
				LD_RUNPATH_SEARCH_PATHS = "$(inherited) @executable_path/Frameworks @executable_path/../../Frameworks";
				PRODUCT_NAME = "$(TARGET_NAME)";
				SKIP_INSTALL = YES;
			};
			name = Debug;
		};
		CE38466F19F3B54800E7E789 /* Release */ = {
			isa = XCBuildConfiguration;
			buildSettings = {
				INFOPLIST_FILE = QRCodeReader/Info.plist;
				LD_RUNPATH_SEARCH_PATHS = "$(inherited) @executable_path/Frameworks @executable_path/../../Frameworks";
				PRODUCT_NAME = "$(TARGET_NAME)";
				SKIP_INSTALL = YES;
			};
			name = Release;
		};
		CEEBD54319F0BD3800B58151 /* Debug */ = {
			isa = XCBuildConfiguration;
			buildSettings = {
				ALWAYS_SEARCH_USER_PATHS = NO;
				CLANG_CXX_LANGUAGE_STANDARD = "gnu++0x";
				CLANG_CXX_LIBRARY = "libc++";
				CLANG_ENABLE_MODULES = YES;
				CLANG_ENABLE_OBJC_ARC = YES;
				CLANG_WARN_BOOL_CONVERSION = YES;
				CLANG_WARN_CONSTANT_CONVERSION = YES;
				CLANG_WARN_DIRECT_OBJC_ISA_USAGE = YES_ERROR;
				CLANG_WARN_EMPTY_BODY = YES;
				CLANG_WARN_ENUM_CONVERSION = YES;
				CLANG_WARN_INT_CONVERSION = YES;
				CLANG_WARN_OBJC_ROOT_CLASS = YES_ERROR;
				CLANG_WARN_UNREACHABLE_CODE = YES;
				CLANG_WARN__DUPLICATE_METHOD_MATCH = YES;
				"CODE_SIGN_IDENTITY[sdk=iphoneos*]" = "iPhone Developer";
				COPY_PHASE_STRIP = NO;
				ENABLE_STRICT_OBJC_MSGSEND = YES;
				GCC_C_LANGUAGE_STANDARD = gnu99;
				GCC_DYNAMIC_NO_PIC = NO;
				GCC_OPTIMIZATION_LEVEL = 0;
				GCC_PREPROCESSOR_DEFINITIONS = (
					"DEBUG=1",
					"$(inherited)",
				);
				GCC_SYMBOLS_PRIVATE_EXTERN = NO;
				GCC_WARN_64_TO_32_BIT_CONVERSION = YES;
				GCC_WARN_ABOUT_RETURN_TYPE = YES_ERROR;
				GCC_WARN_UNDECLARED_SELECTOR = YES;
				GCC_WARN_UNINITIALIZED_AUTOS = YES_AGGRESSIVE;
				GCC_WARN_UNUSED_FUNCTION = YES;
				GCC_WARN_UNUSED_VARIABLE = YES;
				IPHONEOS_DEPLOYMENT_TARGET = 8.0;
				MTL_ENABLE_DEBUG_INFO = YES;
				ONLY_ACTIVE_ARCH = YES;
				SDKROOT = iphoneos;
			};
			name = Debug;
		};
		CEEBD54419F0BD3800B58151 /* Release */ = {
			isa = XCBuildConfiguration;
			buildSettings = {
				ALWAYS_SEARCH_USER_PATHS = NO;
				CLANG_CXX_LANGUAGE_STANDARD = "gnu++0x";
				CLANG_CXX_LIBRARY = "libc++";
				CLANG_ENABLE_MODULES = YES;
				CLANG_ENABLE_OBJC_ARC = YES;
				CLANG_WARN_BOOL_CONVERSION = YES;
				CLANG_WARN_CONSTANT_CONVERSION = YES;
				CLANG_WARN_DIRECT_OBJC_ISA_USAGE = YES_ERROR;
				CLANG_WARN_EMPTY_BODY = YES;
				CLANG_WARN_ENUM_CONVERSION = YES;
				CLANG_WARN_INT_CONVERSION = YES;
				CLANG_WARN_OBJC_ROOT_CLASS = YES_ERROR;
				CLANG_WARN_UNREACHABLE_CODE = YES;
				CLANG_WARN__DUPLICATE_METHOD_MATCH = YES;
				"CODE_SIGN_IDENTITY[sdk=iphoneos*]" = "iPhone Developer";
				COPY_PHASE_STRIP = YES;
				ENABLE_NS_ASSERTIONS = NO;
				ENABLE_STRICT_OBJC_MSGSEND = YES;
				GCC_C_LANGUAGE_STANDARD = gnu99;
				GCC_WARN_64_TO_32_BIT_CONVERSION = YES;
				GCC_WARN_ABOUT_RETURN_TYPE = YES_ERROR;
				GCC_WARN_UNDECLARED_SELECTOR = YES;
				GCC_WARN_UNINITIALIZED_AUTOS = YES_AGGRESSIVE;
				GCC_WARN_UNUSED_FUNCTION = YES;
				GCC_WARN_UNUSED_VARIABLE = YES;
				IPHONEOS_DEPLOYMENT_TARGET = 8.0;
				MTL_ENABLE_DEBUG_INFO = NO;
				SDKROOT = iphoneos;
				VALIDATE_PRODUCT = YES;
			};
			name = Release;
		};
		CEEBD54619F0BD3800B58151 /* Debug */ = {
			isa = XCBuildConfiguration;
			buildSettings = {
				ASSETCATALOG_COMPILER_APPICON_NAME = AppIcon;
				INFOPLIST_FILE = AVMediaCapture/Info.plist;
				LD_RUNPATH_SEARCH_PATHS = "$(inherited) @executable_path/Frameworks";
				PRODUCT_NAME = "$(TARGET_NAME)";
				PROVISIONING_PROFILE = "9B1838F0-A8D1-45FF-BDD7-5CE8696DC505";
				TARGETED_DEVICE_FAMILY = 1;
			};
			name = Debug;
		};
		CEEBD54719F0BD3800B58151 /* Release */ = {
			isa = XCBuildConfiguration;
			buildSettings = {
				ASSETCATALOG_COMPILER_APPICON_NAME = AppIcon;
				INFOPLIST_FILE = AVMediaCapture/Info.plist;
				LD_RUNPATH_SEARCH_PATHS = "$(inherited) @executable_path/Frameworks";
				PRODUCT_NAME = "$(TARGET_NAME)";
				PROVISIONING_PROFILE = "9B1838F0-A8D1-45FF-BDD7-5CE8696DC505";
				TARGETED_DEVICE_FAMILY = 1;
			};
			name = Release;
		};
		CEEBD54919F0BD3800B58151 /* Debug */ = {
			isa = XCBuildConfiguration;
			buildSettings = {
				BUNDLE_LOADER = "$(TEST_HOST)";
				FRAMEWORK_SEARCH_PATHS = (
					"$(SDKROOT)/Developer/Library/Frameworks",
					"$(inherited)",
				);
				GCC_PREPROCESSOR_DEFINITIONS = (
					"DEBUG=1",
					"$(inherited)",
				);
				INFOPLIST_FILE = AVMediaCaptureTests/Info.plist;
				LD_RUNPATH_SEARCH_PATHS = "$(inherited) @executable_path/Frameworks @loader_path/Frameworks";
				PRODUCT_NAME = "$(TARGET_NAME)";
				TEST_HOST = "$(BUILT_PRODUCTS_DIR)/AVMediaCapture.app/AVMediaCapture";
			};
			name = Debug;
		};
		CEEBD54A19F0BD3800B58151 /* Release */ = {
			isa = XCBuildConfiguration;
			buildSettings = {
				BUNDLE_LOADER = "$(TEST_HOST)";
				FRAMEWORK_SEARCH_PATHS = (
					"$(SDKROOT)/Developer/Library/Frameworks",
					"$(inherited)",
				);
				INFOPLIST_FILE = AVMediaCaptureTests/Info.plist;
				LD_RUNPATH_SEARCH_PATHS = "$(inherited) @executable_path/Frameworks @loader_path/Frameworks";
				PRODUCT_NAME = "$(TARGET_NAME)";
				TEST_HOST = "$(BUILT_PRODUCTS_DIR)/AVMediaCapture.app/AVMediaCapture";
			};
			name = Release;
		};
/* End XCBuildConfiguration section */

/* Begin XCConfigurationList section */
		CE38466D19F3B54800E7E789 /* Build configuration list for PBXNativeTarget "QRCodeReader" */ = {
			isa = XCConfigurationList;
			buildConfigurations = (
				CE38466E19F3B54800E7E789 /* Debug */,
				CE38466F19F3B54800E7E789 /* Release */,
			);
			defaultConfigurationIsVisible = 0;
			defaultConfigurationName = Release;
		};
		CEEBD51D19F0BD3800B58151 /* Build configuration list for PBXProject "AVMediaCapture" */ = {
			isa = XCConfigurationList;
			buildConfigurations = (
				CEEBD54319F0BD3800B58151 /* Debug */,
				CEEBD54419F0BD3800B58151 /* Release */,
			);
			defaultConfigurationIsVisible = 0;
			defaultConfigurationName = Release;
		};
		CEEBD54519F0BD3800B58151 /* Build configuration list for PBXNativeTarget "AVMediaCapture" */ = {
			isa = XCConfigurationList;
			buildConfigurations = (
				CEEBD54619F0BD3800B58151 /* Debug */,
				CEEBD54719F0BD3800B58151 /* Release */,
			);
			defaultConfigurationIsVisible = 0;
			defaultConfigurationName = Release;
		};
		CEEBD54819F0BD3800B58151 /* Build configuration list for PBXNativeTarget "AVMediaCaptureTests" */ = {
			isa = XCConfigurationList;
			buildConfigurations = (
				CEEBD54919F0BD3800B58151 /* Debug */,
				CEEBD54A19F0BD3800B58151 /* Release */,
			);
			defaultConfigurationIsVisible = 0;
			defaultConfigurationName = Release;
		};
/* End XCConfigurationList section */
	};
	rootObject = CEEBD51A19F0BD3800B58151 /* Project object */;
}
