// !$*UTF8*$!
{
	archiveVersion = 1;
	classes = {
	};
	objectVersion = 46;
	objects = {

/* Begin PBXBuildFile section */
		CE540FE6190F4A59001CE1A4 /* Foundation.framework in Frameworks */ = {isa = PBXBuildFile; fileRef = CE540FE5190F4A59001CE1A4 /* Foundation.framework */; };
		CE540FE8190F4A59001CE1A4 /* CoreGraphics.framework in Frameworks */ = {isa = PBXBuildFile; fileRef = CE540FE7190F4A59001CE1A4 /* CoreGraphics.framework */; };
		CE540FEA190F4A59001CE1A4 /* UIKit.framework in Frameworks */ = {isa = PBXBuildFile; fileRef = CE540FE9190F4A59001CE1A4 /* UIKit.framework */; };
		CE540FF0190F4A59001CE1A4 /* InfoPlist.strings in Resources */ = {isa = PBXBuildFile; fileRef = CE540FEE190F4A59001CE1A4 /* InfoPlist.strings */; };
		CE540FF2190F4A59001CE1A4 /* main.m in Sources */ = {isa = PBXBuildFile; fileRef = CE540FF1190F4A59001CE1A4 /* main.m */; };
		CE540FF6190F4A59001CE1A4 /* AppDelegate.m in Sources */ = {isa = PBXBuildFile; fileRef = CE540FF5190F4A59001CE1A4 /* AppDelegate.m */; };
		CE540FF8190F4A59001CE1A4 /* Images.xcassets in Resources */ = {isa = PBXBuildFile; fileRef = CE540FF7190F4A59001CE1A4 /* Images.xcassets */; };
		CE540FFF190F4A59001CE1A4 /* XCTest.framework in Frameworks */ = {isa = PBXBuildFile; fileRef = CE540FFE190F4A59001CE1A4 /* XCTest.framework */; };
		CE541000190F4A59001CE1A4 /* Foundation.framework in Frameworks */ = {isa = PBXBuildFile; fileRef = CE540FE5190F4A59001CE1A4 /* Foundation.framework */; };
		CE541001190F4A59001CE1A4 /* UIKit.framework in Frameworks */ = {isa = PBXBuildFile; fileRef = CE540FE9190F4A59001CE1A4 /* UIKit.framework */; };
		CE541009190F4A59001CE1A4 /* InfoPlist.strings in Resources */ = {isa = PBXBuildFile; fileRef = CE541007190F4A59001CE1A4 /* InfoPlist.strings */; };
		CE54100B190F4A59001CE1A4 /* FacebookPopTestTests.m in Sources */ = {isa = PBXBuildFile; fileRef = CE54100A190F4A59001CE1A4 /* FacebookPopTestTests.m */; };
		CE541039190F4C65001CE1A4 /* libpop.a in Frameworks */ = {isa = PBXBuildFile; fileRef = CE54102D190F4B24001CE1A4 /* libpop.a */; };
/* End PBXBuildFile section */

/* Begin PBXContainerItemProxy section */
		CE541002190F4A59001CE1A4 /* PBXContainerItemProxy */ = {
			isa = PBXContainerItemProxy;
			containerPortal = CE540FDA190F4A59001CE1A4 /* Project object */;
			proxyType = 1;
			remoteGlobalIDString = CE540FE1190F4A59001CE1A4;
			remoteInfo = FacebookPopTest;
		};
		CE54102C190F4B24001CE1A4 /* PBXContainerItemProxy */ = {
			isa = PBXContainerItemProxy;
			containerPortal = CE541025190F4B24001CE1A4 /* pop.xcodeproj */;
			proxyType = 2;
			remoteGlobalIDString = EC191218162FB53A00E0CC76;
			remoteInfo = pop;
		};
		CE54102E190F4B24001CE1A4 /* PBXContainerItemProxy */ = {
			isa = PBXContainerItemProxy;
			containerPortal = CE541025190F4B24001CE1A4 /* pop.xcodeproj */;
			proxyType = 2;
			remoteGlobalIDString = EC68857F18C7B60000C6194C;
			remoteInfo = "pop-osx";
		};
		CE541030190F4B24001CE1A4 /* PBXContainerItemProxy */ = {
			isa = PBXContainerItemProxy;
			containerPortal = CE541025190F4B24001CE1A4 /* pop.xcodeproj */;
			proxyType = 2;
			remoteGlobalIDString = ECF01ED318C92B7F009E0AD1;
			remoteInfo = "pop-tests";
		};
		CE541032190F4B24001CE1A4 /* PBXContainerItemProxy */ = {
			isa = PBXContainerItemProxy;
			containerPortal = CE541025190F4B24001CE1A4 /* pop.xcodeproj */;
			proxyType = 2;
			remoteGlobalIDString = EC7E319918C93D6500B38170;
			remoteInfo = "pop-tests-osx";
		};
		CE54103A190F4C69001CE1A4 /* PBXContainerItemProxy */ = {
			isa = PBXContainerItemProxy;
			containerPortal = CE541025190F4B24001CE1A4 /* pop.xcodeproj */;
			proxyType = 1;
			remoteGlobalIDString = EC191217162FB53A00E0CC76;
			remoteInfo = pop;
		};
/* End PBXContainerItemProxy section */

/* Begin PBXFileReference section */
		CE540FE2190F4A59001CE1A4 /* FacebookPopTest.app */ = {isa = PBXFileReference; explicitFileType = wrapper.application; includeInIndex = 0; path = FacebookPopTest.app; sourceTree = BUILT_PRODUCTS_DIR; };
		CE540FE5190F4A59001CE1A4 /* Foundation.framework */ = {isa = PBXFileReference; lastKnownFileType = wrapper.framework; name = Foundation.framework; path = System/Library/Frameworks/Foundation.framework; sourceTree = SDKROOT; };
		CE540FE7190F4A59001CE1A4 /* CoreGraphics.framework */ = {isa = PBXFileReference; lastKnownFileType = wrapper.framework; name = CoreGraphics.framework; path = System/Library/Frameworks/CoreGraphics.framework; sourceTree = SDKROOT; };
		CE540FE9190F4A59001CE1A4 /* UIKit.framework */ = {isa = PBXFileReference; lastKnownFileType = wrapper.framework; name = UIKit.framework; path = System/Library/Frameworks/UIKit.framework; sourceTree = SDKROOT; };
		CE540FED190F4A59001CE1A4 /* FacebookPopTest-Info.plist */ = {isa = PBXFileReference; lastKnownFileType = text.plist.xml; path = "FacebookPopTest-Info.plist"; sourceTree = "<group>"; };
		CE540FEF190F4A59001CE1A4 /* en */ = {isa = PBXFileReference; lastKnownFileType = text.plist.strings; name = en; path = en.lproj/InfoPlist.strings; sourceTree = "<group>"; };
		CE540FF1190F4A59001CE1A4 /* main.m */ = {isa = PBXFileReference; lastKnownFileType = sourcecode.c.objc; path = main.m; sourceTree = "<group>"; };
		CE540FF3190F4A59001CE1A4 /* FacebookPopTest-Prefix.pch */ = {isa = PBXFileReference; lastKnownFileType = sourcecode.c.h; path = "FacebookPopTest-Prefix.pch"; sourceTree = "<group>"; };
		CE540FF4190F4A59001CE1A4 /* AppDelegate.h */ = {isa = PBXFileReference; lastKnownFileType = sourcecode.c.h; path = AppDelegate.h; sourceTree = "<group>"; };
		CE540FF5190F4A59001CE1A4 /* AppDelegate.m */ = {isa = PBXFileReference; lastKnownFileType = sourcecode.c.objc; path = AppDelegate.m; sourceTree = "<group>"; };
		CE540FF7190F4A59001CE1A4 /* Images.xcassets */ = {isa = PBXFileReference; lastKnownFileType = folder.assetcatalog; path = Images.xcassets; sourceTree = "<group>"; };
		CE540FFD190F4A59001CE1A4 /* FacebookPopTestTests.xctest */ = {isa = PBXFileReference; explicitFileType = wrapper.cfbundle; includeInIndex = 0; path = FacebookPopTestTests.xctest; sourceTree = BUILT_PRODUCTS_DIR; };
		CE540FFE190F4A59001CE1A4 /* XCTest.framework */ = {isa = PBXFileReference; lastKnownFileType = wrapper.framework; name = XCTest.framework; path = Library/Frameworks/XCTest.framework; sourceTree = DEVELOPER_DIR; };
		CE541006190F4A59001CE1A4 /* FacebookPopTestTests-Info.plist */ = {isa = PBXFileReference; lastKnownFileType = text.plist.xml; path = "FacebookPopTestTests-Info.plist"; sourceTree = "<group>"; };
		CE541008190F4A59001CE1A4 /* en */ = {isa = PBXFileReference; lastKnownFileType = text.plist.strings; name = en; path = en.lproj/InfoPlist.strings; sourceTree = "<group>"; };
		CE54100A190F4A59001CE1A4 /* FacebookPopTestTests.m */ = {isa = PBXFileReference; lastKnownFileType = sourcecode.c.objc; path = FacebookPopTestTests.m; sourceTree = "<group>"; };
		CE541025190F4B24001CE1A4 /* pop.xcodeproj */ = {isa = PBXFileReference; lastKnownFileType = "wrapper.pb-project"; name = pop.xcodeproj; path = "FacebookPopTest/pop-master/pop.xcodeproj"; sourceTree = "<group>"; };
/* End PBXFileReference section */

/* Begin PBXFrameworksBuildPhase section */
		CE540FDF190F4A59001CE1A4 /* Frameworks */ = {
			isa = PBXFrameworksBuildPhase;
			buildActionMask = 2147483647;
			files = (
				CE541039190F4C65001CE1A4 /* libpop.a in Frameworks */,
				CE540FE8190F4A59001CE1A4 /* CoreGraphics.framework in Frameworks */,
				CE540FEA190F4A59001CE1A4 /* UIKit.framework in Frameworks */,
				CE540FE6190F4A59001CE1A4 /* Foundation.framework in Frameworks */,
			);
			runOnlyForDeploymentPostprocessing = 0;
		};
		CE540FFA190F4A59001CE1A4 /* Frameworks */ = {
			isa = PBXFrameworksBuildPhase;
			buildActionMask = 2147483647;
			files = (
				CE540FFF190F4A59001CE1A4 /* XCTest.framework in Frameworks */,
				CE541001190F4A59001CE1A4 /* UIKit.framework in Frameworks */,
				CE541000190F4A59001CE1A4 /* Foundation.framework in Frameworks */,
			);
			runOnlyForDeploymentPostprocessing = 0;
		};
/* End PBXFrameworksBuildPhase section */

/* Begin PBXGroup section */
		CE540FD9190F4A59001CE1A4 = {
			isa = PBXGroup;
			children = (
				CE541025190F4B24001CE1A4 /* pop.xcodeproj */,
				CE540FEB190F4A59001CE1A4 /* FacebookPopTest */,
				CE541004190F4A59001CE1A4 /* FacebookPopTestTests */,
				CE540FE4190F4A59001CE1A4 /* Frameworks */,
				CE540FE3190F4A59001CE1A4 /* Products */,
			);
			sourceTree = "<group>";
		};
		CE540FE3190F4A59001CE1A4 /* Products */ = {
			isa = PBXGroup;
			children = (
				CE540FE2190F4A59001CE1A4 /* FacebookPopTest.app */,
				CE540FFD190F4A59001CE1A4 /* FacebookPopTestTests.xctest */,
			);
			name = Products;
			sourceTree = "<group>";
		};
		CE540FE4190F4A59001CE1A4 /* Frameworks */ = {
			isa = PBXGroup;
			children = (
				CE540FE5190F4A59001CE1A4 /* Foundation.framework */,
				CE540FE7190F4A59001CE1A4 /* CoreGraphics.framework */,
				CE540FE9190F4A59001CE1A4 /* UIKit.framework */,
				CE540FFE190F4A59001CE1A4 /* XCTest.framework */,
			);
			name = Frameworks;
			sourceTree = "<group>";
		};
		CE540FEB190F4A59001CE1A4 /* FacebookPopTest */ = {
			isa = PBXGroup;
			children = (
				CE540FF4190F4A59001CE1A4 /* AppDelegate.h */,
				CE540FF5190F4A59001CE1A4 /* AppDelegate.m */,
				CE540FF7190F4A59001CE1A4 /* Images.xcassets */,
				CE540FEC190F4A59001CE1A4 /* Supporting Files */,
			);
			path = FacebookPopTest;
			sourceTree = "<group>";
		};
		CE540FEC190F4A59001CE1A4 /* Supporting Files */ = {
			isa = PBXGroup;
			children = (
				CE540FED190F4A59001CE1A4 /* FacebookPopTest-Info.plist */,
				CE540FEE190F4A59001CE1A4 /* InfoPlist.strings */,
				CE540FF1190F4A59001CE1A4 /* main.m */,
				CE540FF3190F4A59001CE1A4 /* FacebookPopTest-Prefix.pch */,
			);
			name = "Supporting Files";
			sourceTree = "<group>";
		};
		CE541004190F4A59001CE1A4 /* FacebookPopTestTests */ = {
			isa = PBXGroup;
			children = (
				CE54100A190F4A59001CE1A4 /* FacebookPopTestTests.m */,
				CE541005190F4A59001CE1A4 /* Supporting Files */,
			);
			path = FacebookPopTestTests;
			sourceTree = "<group>";
		};
		CE541005190F4A59001CE1A4 /* Supporting Files */ = {
			isa = PBXGroup;
			children = (
				CE541006190F4A59001CE1A4 /* FacebookPopTestTests-Info.plist */,
				CE541007190F4A59001CE1A4 /* InfoPlist.strings */,
			);
			name = "Supporting Files";
			sourceTree = "<group>";
		};
		CE541026190F4B24001CE1A4 /* Products */ = {
			isa = PBXGroup;
			children = (
				CE54102D190F4B24001CE1A4 /* libpop.a */,
				CE54102F190F4B24001CE1A4 /* pop.framework */,
				CE541031190F4B24001CE1A4 /* pop-tests.octest */,
				CE541033190F4B24001CE1A4 /* pop-tests-osx.octest */,
			);
			name = Products;
			sourceTree = "<group>";
		};
/* End PBXGroup section */

/* Begin PBXNativeTarget section */
		CE540FE1190F4A59001CE1A4 /* FacebookPopTest */ = {
			isa = PBXNativeTarget;
			buildConfigurationList = CE54100E190F4A59001CE1A4 /* Build configuration list for PBXNativeTarget "FacebookPopTest" */;
			buildPhases = (
				CE540FDE190F4A59001CE1A4 /* Sources */,
				CE540FDF190F4A59001CE1A4 /* Frameworks */,
				CE540FE0190F4A59001CE1A4 /* Resources */,
			);
			buildRules = (
			);
			dependencies = (
				CE54103B190F4C69001CE1A4 /* PBXTargetDependency */,
			);
			name = FacebookPopTest;
			productName = FacebookPopTest;
			productReference = CE540FE2190F4A59001CE1A4 /* FacebookPopTest.app */;
			productType = "com.apple.product-type.application";
		};
		CE540FFC190F4A59001CE1A4 /* FacebookPopTestTests */ = {
			isa = PBXNativeTarget;
			buildConfigurationList = CE541011190F4A59001CE1A4 /* Build configuration list for PBXNativeTarget "FacebookPopTestTests" */;
			buildPhases = (
				CE540FF9190F4A59001CE1A4 /* Sources */,
				CE540FFA190F4A59001CE1A4 /* Frameworks */,
				CE540FFB190F4A59001CE1A4 /* Resources */,
			);
			buildRules = (
			);
			dependencies = (
				CE541003190F4A59001CE1A4 /* PBXTargetDependency */,
			);
			name = FacebookPopTestTests;
			productName = FacebookPopTestTests;
			productReference = CE540FFD190F4A59001CE1A4 /* FacebookPopTestTests.xctest */;
			productType = "com.apple.product-type.bundle.unit-test";
		};
/* End PBXNativeTarget section */

/* Begin PBXProject section */
		CE540FDA190F4A59001CE1A4 /* Project object */ = {
			isa = PBXProject;
			attributes = {
				LastUpgradeCheck = 0510;
				ORGANIZATIONNAME = cn.com.modernmedia;
				TargetAttributes = {
					CE540FFC190F4A59001CE1A4 = {
						TestTargetID = CE540FE1190F4A59001CE1A4;
					};
				};
			};
			buildConfigurationList = CE540FDD190F4A59001CE1A4 /* Build configuration list for PBXProject "FacebookPopTest" */;
			compatibilityVersion = "Xcode 3.2";
			developmentRegion = English;
			hasScannedForEncodings = 0;
			knownRegions = (
				en,
			);
			mainGroup = CE540FD9190F4A59001CE1A4;
			productRefGroup = CE540FE3190F4A59001CE1A4 /* Products */;
			projectDirPath = "";
			projectReferences = (
				{
					ProductGroup = CE541026190F4B24001CE1A4 /* Products */;
					ProjectRef = CE541025190F4B24001CE1A4 /* pop.xcodeproj */;
				},
			);
			projectRoot = "";
			targets = (
				CE540FE1190F4A59001CE1A4 /* FacebookPopTest */,
				CE540FFC190F4A59001CE1A4 /* FacebookPopTestTests */,
			);
		};
/* End PBXProject section */

/* Begin PBXReferenceProxy section */
		CE54102D190F4B24001CE1A4 /* libpop.a */ = {
			isa = PBXReferenceProxy;
			fileType = archive.ar;
			path = libpop.a;
			remoteRef = CE54102C190F4B24001CE1A4 /* PBXContainerItemProxy */;
			sourceTree = BUILT_PRODUCTS_DIR;
		};
		CE54102F190F4B24001CE1A4 /* pop.framework */ = {
			isa = PBXReferenceProxy;
			fileType = wrapper.framework;
			path = pop.framework;
			remoteRef = CE54102E190F4B24001CE1A4 /* PBXContainerItemProxy */;
			sourceTree = BUILT_PRODUCTS_DIR;
		};
		CE541031190F4B24001CE1A4 /* pop-tests.octest */ = {
			isa = PBXReferenceProxy;
			fileType = wrapper.cfbundle;
			path = "pop-tests.octest";
			remoteRef = CE541030190F4B24001CE1A4 /* PBXContainerItemProxy */;
			sourceTree = BUILT_PRODUCTS_DIR;
		};
		CE541033190F4B24001CE1A4 /* pop-tests-osx.octest */ = {
			isa = PBXReferenceProxy;
			fileType = wrapper.cfbundle;
			path = "pop-tests-osx.octest";
			remoteRef = CE541032190F4B24001CE1A4 /* PBXContainerItemProxy */;
			sourceTree = BUILT_PRODUCTS_DIR;
		};
/* End PBXReferenceProxy section */

/* Begin PBXResourcesBuildPhase section */
		CE540FE0190F4A59001CE1A4 /* Resources */ = {
			isa = PBXResourcesBuildPhase;
			buildActionMask = 2147483647;
			files = (
				CE540FF0190F4A59001CE1A4 /* InfoPlist.strings in Resources */,
				CE540FF8190F4A59001CE1A4 /* Images.xcassets in Resources */,
			);
			runOnlyForDeploymentPostprocessing = 0;
		};
		CE540FFB190F4A59001CE1A4 /* Resources */ = {
			isa = PBXResourcesBuildPhase;
			buildActionMask = 2147483647;
			files = (
				CE541009190F4A59001CE1A4 /* InfoPlist.strings in Resources */,
			);
			runOnlyForDeploymentPostprocessing = 0;
		};
/* End PBXResourcesBuildPhase section */

/* Begin PBXSourcesBuildPhase section */
		CE540FDE190F4A59001CE1A4 /* Sources */ = {
			isa = PBXSourcesBuildPhase;
			buildActionMask = 2147483647;
			files = (
				CE540FF6190F4A59001CE1A4 /* AppDelegate.m in Sources */,
				CE540FF2190F4A59001CE1A4 /* main.m in Sources */,
			);
			runOnlyForDeploymentPostprocessing = 0;
		};
		CE540FF9190F4A59001CE1A4 /* Sources */ = {
			isa = PBXSourcesBuildPhase;
			buildActionMask = 2147483647;
			files = (
				CE54100B190F4A59001CE1A4 /* FacebookPopTestTests.m in Sources */,
			);
			runOnlyForDeploymentPostprocessing = 0;
		};
/* End PBXSourcesBuildPhase section */

/* Begin PBXTargetDependency section */
		CE541003190F4A59001CE1A4 /* PBXTargetDependency */ = {
			isa = PBXTargetDependency;
			target = CE540FE1190F4A59001CE1A4 /* FacebookPopTest */;
			targetProxy = CE541002190F4A59001CE1A4 /* PBXContainerItemProxy */;
		};
		CE54103B190F4C69001CE1A4 /* PBXTargetDependency */ = {
			isa = PBXTargetDependency;
			name = pop;
			targetProxy = CE54103A190F4C69001CE1A4 /* PBXContainerItemProxy */;
		};
/* End PBXTargetDependency section */

/* Begin PBXVariantGroup section */
		CE540FEE190F4A59001CE1A4 /* InfoPlist.strings */ = {
			isa = PBXVariantGroup;
			children = (
				CE540FEF190F4A59001CE1A4 /* en */,
			);
			name = InfoPlist.strings;
			sourceTree = "<group>";
		};
		CE541007190F4A59001CE1A4 /* InfoPlist.strings */ = {
			isa = PBXVariantGroup;
			children = (
				CE541008190F4A59001CE1A4 /* en */,
			);
			name = InfoPlist.strings;
			sourceTree = "<group>";
		};
/* End PBXVariantGroup section */

/* Begin XCBuildConfiguration section */
		CE54100C190F4A59001CE1A4 /* Debug */ = {
			isa = XCBuildConfiguration;
			buildSettings = {
				ALWAYS_SEARCH_USER_PATHS = NO;
				CLANG_CXX_LANGUAGE_STANDARD = "gnu++0x";
				CLANG_CXX_LIBRARY = "libc++";
				CLANG_ENABLE_MODULES = YES;
				CLANG_ENABLE_OBJC_ARC = YES;
				CLANG_WARN_BOOL_CONVERSION = YES;
				CLANG_WARN_CONSTANT_CONVERSION = YES;
				CLANG_WARN_DIRECT_OBJC_ISA_USAGE = YES_ERROR;
				CLANG_WARN_EMPTY_BODY = YES;
				CLANG_WARN_ENUM_CONVERSION = YES;
				CLANG_WARN_INT_CONVERSION = YES;
				CLANG_WARN_OBJC_ROOT_CLASS = YES_ERROR;
				CLANG_WARN__DUPLICATE_METHOD_MATCH = YES;
				"CODE_SIGN_IDENTITY[sdk=iphoneos*]" = "iPhone Developer";
				COPY_PHASE_STRIP = NO;
				GCC_C_LANGUAGE_STANDARD = gnu99;
				GCC_DYNAMIC_NO_PIC = NO;
				GCC_OPTIMIZATION_LEVEL = 0;
				GCC_PREPROCESSOR_DEFINITIONS = (
					"DEBUG=1",
					"$(inherited)",
				);
				GCC_SYMBOLS_PRIVATE_EXTERN = NO;
				GCC_WARN_64_TO_32_BIT_CONVERSION = YES;
				GCC_WARN_ABOUT_RETURN_TYPE = YES_ERROR;
				GCC_WARN_UNDECLARED_SELECTOR = YES;
				GCC_WARN_UNINITIALIZED_AUTOS = YES_AGGRESSIVE;
				GCC_WARN_UNUSED_FUNCTION = YES;
				GCC_WARN_UNUSED_VARIABLE = YES;
				IPHONEOS_DEPLOYMENT_TARGET = 7.1;
				ONLY_ACTIVE_ARCH = YES;
				SDKROOT = iphoneos;
			};
			name = Debug;
		};
		CE54100D190F4A59001CE1A4 /* Release */ = {
			isa = XCBuildConfiguration;
			buildSettings = {
				ALWAYS_SEARCH_USER_PATHS = NO;
				CLANG_CXX_LANGUAGE_STANDARD = "gnu++0x";
				CLANG_CXX_LIBRARY = "libc++";
				CLANG_ENABLE_MODULES = YES;
				CLANG_ENABLE_OBJC_ARC = YES;
				CLANG_WARN_BOOL_CONVERSION = YES;
				CLANG_WARN_CONSTANT_CONVERSION = YES;
				CLANG_WARN_DIRECT_OBJC_ISA_USAGE = YES_ERROR;
				CLANG_WARN_EMPTY_BODY = YES;
				CLANG_WARN_ENUM_CONVERSION = YES;
				CLANG_WARN_INT_CONVERSION = YES;
				CLANG_WARN_OBJC_ROOT_CLASS = YES_ERROR;
				CLANG_WARN__DUPLICATE_METHOD_MATCH = YES;
				"CODE_SIGN_IDENTITY[sdk=iphoneos*]" = "iPhone Developer";
				COPY_PHASE_STRIP = YES;
				ENABLE_NS_ASSERTIONS = NO;
				GCC_C_LANGUAGE_STANDARD = gnu99;
				GCC_WARN_64_TO_32_BIT_CONVERSION = YES;
				GCC_WARN_ABOUT_RETURN_TYPE = YES_ERROR;
				GCC_WARN_UNDECLARED_SELECTOR = YES;
				GCC_WARN_UNINITIALIZED_AUTOS = YES_AGGRESSIVE;
				GCC_WARN_UNUSED_FUNCTION = YES;
				GCC_WARN_UNUSED_VARIABLE = YES;
				IPHONEOS_DEPLOYMENT_TARGET = 7.1;
				SDKROOT = iphoneos;
				VALIDATE_PRODUCT = YES;
			};
			name = Release;
		};
		CE54100F190F4A59001CE1A4 /* Debug */ = {
			isa = XCBuildConfiguration;
			buildSettings = {
				ASSETCATALOG_COMPILER_APPICON_NAME = AppIcon;
				ASSETCATALOG_COMPILER_LAUNCHIMAGE_NAME = LaunchImage;
				GCC_PRECOMPILE_PREFIX_HEADER = YES;
				GCC_PREFIX_HEADER = "FacebookPopTest/FacebookPopTest-Prefix.pch";
				INFOPLIST_FILE = "FacebookPopTest/FacebookPopTest-Info.plist";
				OTHER_LDFLAGS = (
					"-ObjC",
					"-lc++",
				);
				PRODUCT_NAME = "$(TARGET_NAME)";
				WRAPPER_EXTENSION = app;
			};
			name = Debug;
		};
		CE541010190F4A59001CE1A4 /* Release */ = {
			isa = XCBuildConfiguration;
			buildSettings = {
				ASSETCATALOG_COMPILER_APPICON_NAME = AppIcon;
				ASSETCATALOG_COMPILER_LAUNCHIMAGE_NAME = LaunchImage;
				GCC_PRECOMPILE_PREFIX_HEADER = YES;
				GCC_PREFIX_HEADER = "FacebookPopTest/FacebookPopTest-Prefix.pch";
				INFOPLIST_FILE = "FacebookPopTest/FacebookPopTest-Info.plist";
				OTHER_LDFLAGS = (
					"-ObjC",
					"-lc++",
				);
				PRODUCT_NAME = "$(TARGET_NAME)";
				WRAPPER_EXTENSION = app;
			};
			name = Release;
		};
		CE541012190F4A59001CE1A4 /* Debug */ = {
			isa = XCBuildConfiguration;
			buildSettings = {
				BUNDLE_LOADER = "$(BUILT_PRODUCTS_DIR)/FacebookPopTest.app/FacebookPopTest";
				FRAMEWORK_SEARCH_PATHS = (
					"$(SDKROOT)/Developer/Library/Frameworks",
					"$(inherited)",
					"$(DEVELOPER_FRAMEWORKS_DIR)",
				);
				GCC_PRECOMPILE_PREFIX_HEADER = YES;
				GCC_PREFIX_HEADER = "FacebookPopTest/FacebookPopTest-Prefix.pch";
				GCC_PREPROCESSOR_DEFINITIONS = (
					"DEBUG=1",
					"$(inherited)",
				);
				INFOPLIST_FILE = "FacebookPopTestTests/FacebookPopTestTests-Info.plist";
				PRODUCT_NAME = "$(TARGET_NAME)";
				TEST_HOST = "$(BUNDLE_LOADER)";
				WRAPPER_EXTENSION = xctest;
			};
			name = Debug;
		};
		CE541013190F4A59001CE1A4 /* Release */ = {
			isa = XCBuildConfiguration;
			buildSettings = {
				BUNDLE_LOADER = "$(BUILT_PRODUCTS_DIR)/FacebookPopTest.app/FacebookPopTest";
				FRAMEWORK_SEARCH_PATHS = (
					"$(SDKROOT)/Developer/Library/Frameworks",
					"$(inherited)",
					"$(DEVELOPER_FRAMEWORKS_DIR)",
				);
				GCC_PRECOMPILE_PREFIX_HEADER = YES;
				GCC_PREFIX_HEADER = "FacebookPopTest/FacebookPopTest-Prefix.pch";
				INFOPLIST_FILE = "FacebookPopTestTests/FacebookPopTestTests-Info.plist";
				PRODUCT_NAME = "$(TARGET_NAME)";
				TEST_HOST = "$(BUNDLE_LOADER)";
				WRAPPER_EXTENSION = xctest;
			};
			name = Release;
		};
/* End XCBuildConfiguration section */

/* Begin XCConfigurationList section */
		CE540FDD190F4A59001CE1A4 /* Build configuration list for PBXProject "FacebookPopTest" */ = {
			isa = XCConfigurationList;
			buildConfigurations = (
				CE54100C190F4A59001CE1A4 /* Debug */,
				CE54100D190F4A59001CE1A4 /* Release */,
			);
			defaultConfigurationIsVisible = 0;
			defaultConfigurationName = Release;
		};
		CE54100E190F4A59001CE1A4 /* Build configuration list for PBXNativeTarget "FacebookPopTest" */ = {
			isa = XCConfigurationList;
			buildConfigurations = (
				CE54100F190F4A59001CE1A4 /* Debug */,
				CE541010190F4A59001CE1A4 /* Release */,
			);
			defaultConfigurationIsVisible = 0;
			defaultConfigurationName = Release;
		};
		CE541011190F4A59001CE1A4 /* Build configuration list for PBXNativeTarget "FacebookPopTestTests" */ = {
			isa = XCConfigurationList;
			buildConfigurations = (
				CE541012190F4A59001CE1A4 /* Debug */,
				CE541013190F4A59001CE1A4 /* Release */,
			);
			defaultConfigurationIsVisible = 0;
			defaultConfigurationName = Release;
		};
/* End XCConfigurationList section */
	};
	rootObject = CE540FDA190F4A59001CE1A4 /* Project object */;
}
