// !$*UTF8*$!
{
	archiveVersion = 1;
	classes = {
	};
	objectVersion = 46;
	objects = {

/* Begin PBXBuildFile section */
		71A28986FC8613C4B6220102 /* libPods.a in Frameworks */ = {isa = PBXBuildFile; fileRef = 8F181066DC21F060AECABD4D /* libPods.a */; };
		CE4D2FE91AC41CD2003FAF33 /* main.m in Sources */ = {isa = PBXBuildFile; fileRef = CE4D2FE81AC41CD2003FAF33 /* main.m */; };
		CE4D2FEC1AC41CD2003FAF33 /* AppDelegate.m in Sources */ = {isa = PBXBuildFile; fileRef = CE4D2FEB1AC41CD2003FAF33 /* AppDelegate.m */; };
		CE4D2FEF1AC41CD2003FAF33 /* ViewController.m in Sources */ = {isa = PBXBuildFile; fileRef = CE4D2FEE1AC41CD2003FAF33 /* ViewController.m */; };
		CE4D2FF21AC41CD2003FAF33 /* Main.storyboard in Resources */ = {isa = PBXBuildFile; fileRef = CE4D2FF01AC41CD2003FAF33 /* Main.storyboard */; };
		CE4D2FF41AC41CD2003FAF33 /* Images.xcassets in Resources */ = {isa = PBXBuildFile; fileRef = CE4D2FF31AC41CD2003FAF33 /* Images.xcassets */; };
		CE4D2FF71AC41CD2003FAF33 /* LaunchScreen.xib in Resources */ = {isa = PBXBuildFile; fileRef = CE4D2FF51AC41CD2003FAF33 /* LaunchScreen.xib */; };
		CE4D30031AC41CD2003FAF33 /* MasonryDemoTests.m in Sources */ = {isa = PBXBuildFile; fileRef = CE4D30021AC41CD2003FAF33 /* MasonryDemoTests.m */; };
		CEAEB18E1AC54FA40037413B /* OrdinaryViewController.m in Sources */ = {isa = PBXBuildFile; fileRef = CEAEB18D1AC54FA40037413B /* OrdinaryViewController.m */; };
		CEAEB1911AC556710037413B /* MultiViewController.m in Sources */ = {isa = PBXBuildFile; fileRef = CEAEB1901AC556710037413B /* MultiViewController.m */; };
		CEB794D91AC55EC3006A5330 /* CardViewController.m in Sources */ = {isa = PBXBuildFile; fileRef = CEB794D81AC55EC3006A5330 /* CardViewController.m */; };
/* End PBXBuildFile section */

/* Begin PBXContainerItemProxy section */
		CE4D2FFD1AC41CD2003FAF33 /* PBXContainerItemProxy */ = {
			isa = PBXContainerItemProxy;
			containerPortal = CE4D2FDB1AC41CD2003FAF33 /* Project object */;
			proxyType = 1;
			remoteGlobalIDString = CE4D2FE21AC41CD2003FAF33;
			remoteInfo = MasonryDemo;
		};
/* End PBXContainerItemProxy section */

/* Begin PBXFileReference section */
		38FC7F904279B56F21FD835E /* Pods.release.xcconfig */ = {isa = PBXFileReference; includeInIndex = 1; lastKnownFileType = text.xcconfig; name = Pods.release.xcconfig; path = "Pods/Target Support Files/Pods/Pods.release.xcconfig"; sourceTree = "<group>"; };
		665FC81228022D4105A69B77 /* Pods.debug.xcconfig */ = {isa = PBXFileReference; includeInIndex = 1; lastKnownFileType = text.xcconfig; name = Pods.debug.xcconfig; path = "Pods/Target Support Files/Pods/Pods.debug.xcconfig"; sourceTree = "<group>"; };
		8F181066DC21F060AECABD4D /* libPods.a */ = {isa = PBXFileReference; explicitFileType = archive.ar; includeInIndex = 0; path = libPods.a; sourceTree = BUILT_PRODUCTS_DIR; };
		CE4D2FE31AC41CD2003FAF33 /* MasonryDemo.app */ = {isa = PBXFileReference; explicitFileType = wrapper.application; includeInIndex = 0; path = MasonryDemo.app; sourceTree = BUILT_PRODUCTS_DIR; };
		CE4D2FE71AC41CD2003FAF33 /* Info.plist */ = {isa = PBXFileReference; lastKnownFileType = text.plist.xml; path = Info.plist; sourceTree = "<group>"; };
		CE4D2FE81AC41CD2003FAF33 /* main.m */ = {isa = PBXFileReference; lastKnownFileType = sourcecode.c.objc; path = main.m; sourceTree = "<group>"; };
		CE4D2FEA1AC41CD2003FAF33 /* AppDelegate.h */ = {isa = PBXFileReference; lastKnownFileType = sourcecode.c.h; path = AppDelegate.h; sourceTree = "<group>"; };
		CE4D2FEB1AC41CD2003FAF33 /* AppDelegate.m */ = {isa = PBXFileReference; lastKnownFileType = sourcecode.c.objc; path = AppDelegate.m; sourceTree = "<group>"; };
		CE4D2FED1AC41CD2003FAF33 /* ViewController.h */ = {isa = PBXFileReference; lastKnownFileType = sourcecode.c.h; path = ViewController.h; sourceTree = "<group>"; };
		CE4D2FEE1AC41CD2003FAF33 /* ViewController.m */ = {isa = PBXFileReference; lastKnownFileType = sourcecode.c.objc; path = ViewController.m; sourceTree = "<group>"; };
		CE4D2FF11AC41CD2003FAF33 /* Base */ = {isa = PBXFileReference; lastKnownFileType = file.storyboard; name = Base; path = Base.lproj/Main.storyboard; sourceTree = "<group>"; };
		CE4D2FF31AC41CD2003FAF33 /* Images.xcassets */ = {isa = PBXFileReference; lastKnownFileType = folder.assetcatalog; path = Images.xcassets; sourceTree = "<group>"; };
		CE4D2FF61AC41CD2003FAF33 /* Base */ = {isa = PBXFileReference; lastKnownFileType = file.xib; name = Base; path = Base.lproj/LaunchScreen.xib; sourceTree = "<group>"; };
		CE4D2FFC1AC41CD2003FAF33 /* MasonryDemoTests.xctest */ = {isa = PBXFileReference; explicitFileType = wrapper.cfbundle; includeInIndex = 0; path = MasonryDemoTests.xctest; sourceTree = BUILT_PRODUCTS_DIR; };
		CE4D30011AC41CD2003FAF33 /* Info.plist */ = {isa = PBXFileReference; lastKnownFileType = text.plist.xml; path = Info.plist; sourceTree = "<group>"; };
		CE4D30021AC41CD2003FAF33 /* MasonryDemoTests.m */ = {isa = PBXFileReference; lastKnownFileType = sourcecode.c.objc; path = MasonryDemoTests.m; sourceTree = "<group>"; };
		CEAEB18C1AC54FA40037413B /* OrdinaryViewController.h */ = {isa = PBXFileReference; fileEncoding = 4; lastKnownFileType = sourcecode.c.h; path = OrdinaryViewController.h; sourceTree = "<group>"; };
		CEAEB18D1AC54FA40037413B /* OrdinaryViewController.m */ = {isa = PBXFileReference; fileEncoding = 4; lastKnownFileType = sourcecode.c.objc; path = OrdinaryViewController.m; sourceTree = "<group>"; };
		CEAEB18F1AC556710037413B /* MultiViewController.h */ = {isa = PBXFileReference; fileEncoding = 4; lastKnownFileType = sourcecode.c.h; path = MultiViewController.h; sourceTree = "<group>"; };
		CEAEB1901AC556710037413B /* MultiViewController.m */ = {isa = PBXFileReference; fileEncoding = 4; lastKnownFileType = sourcecode.c.objc; path = MultiViewController.m; sourceTree = "<group>"; };
		CEB794D71AC55EC3006A5330 /* CardViewController.h */ = {isa = PBXFileReference; fileEncoding = 4; lastKnownFileType = sourcecode.c.h; path = CardViewController.h; sourceTree = "<group>"; };
		CEB794D81AC55EC3006A5330 /* CardViewController.m */ = {isa = PBXFileReference; fileEncoding = 4; lastKnownFileType = sourcecode.c.objc; path = CardViewController.m; sourceTree = "<group>"; };
/* End PBXFileReference section */

/* Begin PBXFrameworksBuildPhase section */
		CE4D2FE01AC41CD2003FAF33 /* Frameworks */ = {
			isa = PBXFrameworksBuildPhase;
			buildActionMask = 2147483647;
			files = (
				71A28986FC8613C4B6220102 /* libPods.a in Frameworks */,
			);
			runOnlyForDeploymentPostprocessing = 0;
		};
		CE4D2FF91AC41CD2003FAF33 /* Frameworks */ = {
			isa = PBXFrameworksBuildPhase;
			buildActionMask = 2147483647;
			files = (
			);
			runOnlyForDeploymentPostprocessing = 0;
		};
/* End PBXFrameworksBuildPhase section */

/* Begin PBXGroup section */
		5F87697D59D58C326F871863 /* Pods */ = {
			isa = PBXGroup;
			children = (
				665FC81228022D4105A69B77 /* Pods.debug.xcconfig */,
				38FC7F904279B56F21FD835E /* Pods.release.xcconfig */,
			);
			name = Pods;
			sourceTree = "<group>";
		};
		850A5E947DAAF16FC4538718 /* Frameworks */ = {
			isa = PBXGroup;
			children = (
				8F181066DC21F060AECABD4D /* libPods.a */,
			);
			name = Frameworks;
			sourceTree = "<group>";
		};
		CE4D2FDA1AC41CD2003FAF33 = {
			isa = PBXGroup;
			children = (
				CE4D2FE51AC41CD2003FAF33 /* MasonryDemo */,
				CE4D2FFF1AC41CD2003FAF33 /* MasonryDemoTests */,
				CE4D2FE41AC41CD2003FAF33 /* Products */,
				5F87697D59D58C326F871863 /* Pods */,
				850A5E947DAAF16FC4538718 /* Frameworks */,
			);
			sourceTree = "<group>";
		};
		CE4D2FE41AC41CD2003FAF33 /* Products */ = {
			isa = PBXGroup;
			children = (
				CE4D2FE31AC41CD2003FAF33 /* MasonryDemo.app */,
				CE4D2FFC1AC41CD2003FAF33 /* MasonryDemoTests.xctest */,
			);
			name = Products;
			sourceTree = "<group>";
		};
		CE4D2FE51AC41CD2003FAF33 /* MasonryDemo */ = {
			isa = PBXGroup;
			children = (
				CE4D2FEA1AC41CD2003FAF33 /* AppDelegate.h */,
				CE4D2FEB1AC41CD2003FAF33 /* AppDelegate.m */,
				CE4D2FED1AC41CD2003FAF33 /* ViewController.h */,
				CE4D2FEE1AC41CD2003FAF33 /* ViewController.m */,
				CEAEB18C1AC54FA40037413B /* OrdinaryViewController.h */,
				CEAEB18D1AC54FA40037413B /* OrdinaryViewController.m */,
				CEAEB18F1AC556710037413B /* MultiViewController.h */,
				CEAEB1901AC556710037413B /* MultiViewController.m */,
				CEB794D71AC55EC3006A5330 /* CardViewController.h */,
				CEB794D81AC55EC3006A5330 /* CardViewController.m */,
				CE4D2FF01AC41CD2003FAF33 /* Main.storyboard */,
				CE4D2FF31AC41CD2003FAF33 /* Images.xcassets */,
				CE4D2FF51AC41CD2003FAF33 /* LaunchScreen.xib */,
				CE4D2FE61AC41CD2003FAF33 /* Supporting Files */,
			);
			path = MasonryDemo;
			sourceTree = "<group>";
		};
		CE4D2FE61AC41CD2003FAF33 /* Supporting Files */ = {
			isa = PBXGroup;
			children = (
				CE4D2FE71AC41CD2003FAF33 /* Info.plist */,
				CE4D2FE81AC41CD2003FAF33 /* main.m */,
			);
			name = "Supporting Files";
			sourceTree = "<group>";
		};
		CE4D2FFF1AC41CD2003FAF33 /* MasonryDemoTests */ = {
			isa = PBXGroup;
			children = (
				CE4D30021AC41CD2003FAF33 /* MasonryDemoTests.m */,
				CE4D30001AC41CD2003FAF33 /* Supporting Files */,
			);
			path = MasonryDemoTests;
			sourceTree = "<group>";
		};
		CE4D30001AC41CD2003FAF33 /* Supporting Files */ = {
			isa = PBXGroup;
			children = (
				CE4D30011AC41CD2003FAF33 /* Info.plist */,
			);
			name = "Supporting Files";
			sourceTree = "<group>";
		};
/* End PBXGroup section */

/* Begin PBXNativeTarget section */
		CE4D2FE21AC41CD2003FAF33 /* MasonryDemo */ = {
			isa = PBXNativeTarget;
			buildConfigurationList = CE4D30061AC41CD2003FAF33 /* Build configuration list for PBXNativeTarget "MasonryDemo" */;
			buildPhases = (
				C71D28B5CA9C5C604CFF0A84 /* Check Pods Manifest.lock */,
				CE4D2FDF1AC41CD2003FAF33 /* Sources */,
				CE4D2FE01AC41CD2003FAF33 /* Frameworks */,
				CE4D2FE11AC41CD2003FAF33 /* Resources */,
				2A2DE0B72DB0CA5282F1AB7D /* Copy Pods Resources */,
			);
			buildRules = (
			);
			dependencies = (
			);
			name = MasonryDemo;
			productName = MasonryDemo;
			productReference = CE4D2FE31AC41CD2003FAF33 /* MasonryDemo.app */;
			productType = "com.apple.product-type.application";
		};
		CE4D2FFB1AC41CD2003FAF33 /* MasonryDemoTests */ = {
			isa = PBXNativeTarget;
			buildConfigurationList = CE4D30091AC41CD2003FAF33 /* Build configuration list for PBXNativeTarget "MasonryDemoTests" */;
			buildPhases = (
				CE4D2FF81AC41CD2003FAF33 /* Sources */,
				CE4D2FF91AC41CD2003FAF33 /* Frameworks */,
				CE4D2FFA1AC41CD2003FAF33 /* Resources */,
			);
			buildRules = (
			);
			dependencies = (
				CE4D2FFE1AC41CD2003FAF33 /* PBXTargetDependency */,
			);
			name = MasonryDemoTests;
			productName = MasonryDemoTests;
			productReference = CE4D2FFC1AC41CD2003FAF33 /* MasonryDemoTests.xctest */;
			productType = "com.apple.product-type.bundle.unit-test";
		};
/* End PBXNativeTarget section */

/* Begin PBXProject section */
		CE4D2FDB1AC41CD2003FAF33 /* Project object */ = {
			isa = PBXProject;
			attributes = {
				LastUpgradeCheck = 0620;
				ORGANIZATIONNAME = com.mengxiangjian;
				TargetAttributes = {
					CE4D2FE21AC41CD2003FAF33 = {
						CreatedOnToolsVersion = 6.2;
					};
					CE4D2FFB1AC41CD2003FAF33 = {
						CreatedOnToolsVersion = 6.2;
						TestTargetID = CE4D2FE21AC41CD2003FAF33;
					};
				};
			};
			buildConfigurationList = CE4D2FDE1AC41CD2003FAF33 /* Build configuration list for PBXProject "MasonryDemo" */;
			compatibilityVersion = "Xcode 3.2";
			developmentRegion = English;
			hasScannedForEncodings = 0;
			knownRegions = (
				en,
				Base,
			);
			mainGroup = CE4D2FDA1AC41CD2003FAF33;
			productRefGroup = CE4D2FE41AC41CD2003FAF33 /* Products */;
			projectDirPath = "";
			projectRoot = "";
			targets = (
				CE4D2FE21AC41CD2003FAF33 /* MasonryDemo */,
				CE4D2FFB1AC41CD2003FAF33 /* MasonryDemoTests */,
			);
		};
/* End PBXProject section */

/* Begin PBXResourcesBuildPhase section */
		CE4D2FE11AC41CD2003FAF33 /* Resources */ = {
			isa = PBXResourcesBuildPhase;
			buildActionMask = 2147483647;
			files = (
				CE4D2FF21AC41CD2003FAF33 /* Main.storyboard in Resources */,
				CE4D2FF71AC41CD2003FAF33 /* LaunchScreen.xib in Resources */,
				CE4D2FF41AC41CD2003FAF33 /* Images.xcassets in Resources */,
			);
			runOnlyForDeploymentPostprocessing = 0;
		};
		CE4D2FFA1AC41CD2003FAF33 /* Resources */ = {
			isa = PBXResourcesBuildPhase;
			buildActionMask = 2147483647;
			files = (
			);
			runOnlyForDeploymentPostprocessing = 0;
		};
/* End PBXResourcesBuildPhase section */

/* Begin PBXShellScriptBuildPhase section */
		2A2DE0B72DB0CA5282F1AB7D /* Copy Pods Resources */ = {
			isa = PBXShellScriptBuildPhase;
			buildActionMask = 2147483647;
			files = (
			);
			inputPaths = (
			);
			name = "Copy Pods Resources";
			outputPaths = (
			);
			runOnlyForDeploymentPostprocessing = 0;
			shellPath = /bin/sh;
			shellScript = "\"${SRCROOT}/Pods/Target Support Files/Pods/Pods-resources.sh\"\n";
			showEnvVarsInLog = 0;
		};
		C71D28B5CA9C5C604CFF0A84 /* Check Pods Manifest.lock */ = {
			isa = PBXShellScriptBuildPhase;
			buildActionMask = 2147483647;
			files = (
			);
			inputPaths = (
			);
			name = "Check Pods Manifest.lock";
			outputPaths = (
			);
			runOnlyForDeploymentPostprocessing = 0;
			shellPath = /bin/sh;
			shellScript = "diff \"${PODS_ROOT}/../Podfile.lock\" \"${PODS_ROOT}/Manifest.lock\" > /dev/null\nif [[ $? != 0 ]] ; then\n    cat << EOM\nerror: The sandbox is not in sync with the Podfile.lock. Run 'pod install' or update your CocoaPods installation.\nEOM\n    exit 1\nfi\n";
			showEnvVarsInLog = 0;
		};
/* End PBXShellScriptBuildPhase section */

/* Begin PBXSourcesBuildPhase section */
		CE4D2FDF1AC41CD2003FAF33 /* Sources */ = {
			isa = PBXSourcesBuildPhase;
			buildActionMask = 2147483647;
			files = (
				CE4D2FEF1AC41CD2003FAF33 /* ViewController.m in Sources */,
				CE4D2FEC1AC41CD2003FAF33 /* AppDelegate.m in Sources */,
				CEB794D91AC55EC3006A5330 /* CardViewController.m in Sources */,
				CEAEB18E1AC54FA40037413B /* OrdinaryViewController.m in Sources */,
				CEAEB1911AC556710037413B /* MultiViewController.m in Sources */,
				CE4D2FE91AC41CD2003FAF33 /* main.m in Sources */,
			);
			runOnlyForDeploymentPostprocessing = 0;
		};
		CE4D2FF81AC41CD2003FAF33 /* Sources */ = {
			isa = PBXSourcesBuildPhase;
			buildActionMask = 2147483647;
			files = (
				CE4D30031AC41CD2003FAF33 /* MasonryDemoTests.m in Sources */,
			);
			runOnlyForDeploymentPostprocessing = 0;
		};
/* End PBXSourcesBuildPhase section */

/* Begin PBXTargetDependency section */
		CE4D2FFE1AC41CD2003FAF33 /* PBXTargetDependency */ = {
			isa = PBXTargetDependency;
			target = CE4D2FE21AC41CD2003FAF33 /* MasonryDemo */;
			targetProxy = CE4D2FFD1AC41CD2003FAF33 /* PBXContainerItemProxy */;
		};
/* End PBXTargetDependency section */

/* Begin PBXVariantGroup section */
		CE4D2FF01AC41CD2003FAF33 /* Main.storyboard */ = {
			isa = PBXVariantGroup;
			children = (
				CE4D2FF11AC41CD2003FAF33 /* Base */,
			);
			name = Main.storyboard;
			sourceTree = "<group>";
		};
		CE4D2FF51AC41CD2003FAF33 /* LaunchScreen.xib */ = {
			isa = PBXVariantGroup;
			children = (
				CE4D2FF61AC41CD2003FAF33 /* Base */,
			);
			name = LaunchScreen.xib;
			sourceTree = "<group>";
		};
/* End PBXVariantGroup section */

/* Begin XCBuildConfiguration section */
		CE4D30041AC41CD2003FAF33 /* Debug */ = {
			isa = XCBuildConfiguration;
			buildSettings = {
				ALWAYS_SEARCH_USER_PATHS = NO;
				CLANG_CXX_LANGUAGE_STANDARD = "gnu++0x";
				CLANG_CXX_LIBRARY = "libc++";
				CLANG_ENABLE_MODULES = YES;
				CLANG_ENABLE_OBJC_ARC = YES;
				CLANG_WARN_BOOL_CONVERSION = YES;
				CLANG_WARN_CONSTANT_CONVERSION = YES;
				CLANG_WARN_DIRECT_OBJC_ISA_USAGE = YES_ERROR;
				CLANG_WARN_EMPTY_BODY = YES;
				CLANG_WARN_ENUM_CONVERSION = YES;
				CLANG_WARN_INT_CONVERSION = YES;
				CLANG_WARN_OBJC_ROOT_CLASS = YES_ERROR;
				CLANG_WARN_UNREACHABLE_CODE = YES;
				CLANG_WARN__DUPLICATE_METHOD_MATCH = YES;
				"CODE_SIGN_IDENTITY[sdk=iphoneos*]" = "iPhone Developer";
				COPY_PHASE_STRIP = NO;
				ENABLE_STRICT_OBJC_MSGSEND = YES;
				GCC_C_LANGUAGE_STANDARD = gnu99;
				GCC_DYNAMIC_NO_PIC = NO;
				GCC_OPTIMIZATION_LEVEL = 0;
				GCC_PREPROCESSOR_DEFINITIONS = (
					"DEBUG=1",
					"$(inherited)",
				);
				GCC_SYMBOLS_PRIVATE_EXTERN = NO;
				GCC_WARN_64_TO_32_BIT_CONVERSION = YES;
				GCC_WARN_ABOUT_RETURN_TYPE = YES_ERROR;
				GCC_WARN_UNDECLARED_SELECTOR = YES;
				GCC_WARN_UNINITIALIZED_AUTOS = YES_AGGRESSIVE;
				GCC_WARN_UNUSED_FUNCTION = YES;
				GCC_WARN_UNUSED_VARIABLE = YES;
				IPHONEOS_DEPLOYMENT_TARGET = 8.2;
				MTL_ENABLE_DEBUG_INFO = YES;
				ONLY_ACTIVE_ARCH = YES;
				SDKROOT = iphoneos;
			};
			name = Debug;
		};
		CE4D30051AC41CD2003FAF33 /* Release */ = {
			isa = XCBuildConfiguration;
			buildSettings = {
				ALWAYS_SEARCH_USER_PATHS = NO;
				CLANG_CXX_LANGUAGE_STANDARD = "gnu++0x";
				CLANG_CXX_LIBRARY = "libc++";
				CLANG_ENABLE_MODULES = YES;
				CLANG_ENABLE_OBJC_ARC = YES;
				CLANG_WARN_BOOL_CONVERSION = YES;
				CLANG_WARN_CONSTANT_CONVERSION = YES;
				CLANG_WARN_DIRECT_OBJC_ISA_USAGE = YES_ERROR;
				CLANG_WARN_EMPTY_BODY = YES;
				CLANG_WARN_ENUM_CONVERSION = YES;
				CLANG_WARN_INT_CONVERSION = YES;
				CLANG_WARN_OBJC_ROOT_CLASS = YES_ERROR;
				CLANG_WARN_UNREACHABLE_CODE = YES;
				CLANG_WARN__DUPLICATE_METHOD_MATCH = YES;
				"CODE_SIGN_IDENTITY[sdk=iphoneos*]" = "iPhone Developer";
				COPY_PHASE_STRIP = NO;
				ENABLE_NS_ASSERTIONS = NO;
				ENABLE_STRICT_OBJC_MSGSEND = YES;
				GCC_C_LANGUAGE_STANDARD = gnu99;
				GCC_WARN_64_TO_32_BIT_CONVERSION = YES;
				GCC_WARN_ABOUT_RETURN_TYPE = YES_ERROR;
				GCC_WARN_UNDECLARED_SELECTOR = YES;
				GCC_WARN_UNINITIALIZED_AUTOS = YES_AGGRESSIVE;
				GCC_WARN_UNUSED_FUNCTION = YES;
				GCC_WARN_UNUSED_VARIABLE = YES;
				IPHONEOS_DEPLOYMENT_TARGET = 8.2;
				MTL_ENABLE_DEBUG_INFO = NO;
				SDKROOT = iphoneos;
				VALIDATE_PRODUCT = YES;
			};
			name = Release;
		};
		CE4D30071AC41CD2003FAF33 /* Debug */ = {
			isa = XCBuildConfiguration;
			baseConfigurationReference = 665FC81228022D4105A69B77 /* Pods.debug.xcconfig */;
			buildSettings = {
				ASSETCATALOG_COMPILER_APPICON_NAME = AppIcon;
				INFOPLIST_FILE = MasonryDemo/Info.plist;
				LD_RUNPATH_SEARCH_PATHS = "$(inherited) @executable_path/Frameworks";
				PRODUCT_NAME = "$(TARGET_NAME)";
			};
			name = Debug;
		};
		CE4D30081AC41CD2003FAF33 /* Release */ = {
			isa = XCBuildConfiguration;
			baseConfigurationReference = 38FC7F904279B56F21FD835E /* Pods.release.xcconfig */;
			buildSettings = {
				ASSETCATALOG_COMPILER_APPICON_NAME = AppIcon;
				INFOPLIST_FILE = MasonryDemo/Info.plist;
				LD_RUNPATH_SEARCH_PATHS = "$(inherited) @executable_path/Frameworks";
				PRODUCT_NAME = "$(TARGET_NAME)";
			};
			name = Release;
		};
		CE4D300A1AC41CD2003FAF33 /* Debug */ = {
			isa = XCBuildConfiguration;
			buildSettings = {
				BUNDLE_LOADER = "$(TEST_HOST)";
				FRAMEWORK_SEARCH_PATHS = (
					"$(SDKROOT)/Developer/Library/Frameworks",
					"$(inherited)",
				);
				GCC_PREPROCESSOR_DEFINITIONS = (
					"DEBUG=1",
					"$(inherited)",
				);
				INFOPLIST_FILE = MasonryDemoTests/Info.plist;
				LD_RUNPATH_SEARCH_PATHS = "$(inherited) @executable_path/Frameworks @loader_path/Frameworks";
				PRODUCT_NAME = "$(TARGET_NAME)";
				TEST_HOST = "$(BUILT_PRODUCTS_DIR)/MasonryDemo.app/MasonryDemo";
			};
			name = Debug;
		};
		CE4D300B1AC41CD2003FAF33 /* Release */ = {
			isa = XCBuildConfiguration;
			buildSettings = {
				BUNDLE_LOADER = "$(TEST_HOST)";
				FRAMEWORK_SEARCH_PATHS = (
					"$(SDKROOT)/Developer/Library/Frameworks",
					"$(inherited)",
				);
				INFOPLIST_FILE = MasonryDemoTests/Info.plist;
				LD_RUNPATH_SEARCH_PATHS = "$(inherited) @executable_path/Frameworks @loader_path/Frameworks";
				PRODUCT_NAME = "$(TARGET_NAME)";
				TEST_HOST = "$(BUILT_PRODUCTS_DIR)/MasonryDemo.app/MasonryDemo";
			};
			name = Release;
		};
/* End XCBuildConfiguration section */

/* Begin XCConfigurationList section */
		CE4D2FDE1AC41CD2003FAF33 /* Build configuration list for PBXProject "MasonryDemo" */ = {
			isa = XCConfigurationList;
			buildConfigurations = (
				CE4D30041AC41CD2003FAF33 /* Debug */,
				CE4D30051AC41CD2003FAF33 /* Release */,
			);
			defaultConfigurationIsVisible = 0;
			defaultConfigurationName = Release;
		};
		CE4D30061AC41CD2003FAF33 /* Build configuration list for PBXNativeTarget "MasonryDemo" */ = {
			isa = XCConfigurationList;
			buildConfigurations = (
				CE4D30071AC41CD2003FAF33 /* Debug */,
				CE4D30081AC41CD2003FAF33 /* Release */,
			);
			defaultConfigurationIsVisible = 0;
			defaultConfigurationName = Release;
		};
		CE4D30091AC41CD2003FAF33 /* Build configuration list for PBXNativeTarget "MasonryDemoTests" */ = {
			isa = XCConfigurationList;
			buildConfigurations = (
				CE4D300A1AC41CD2003FAF33 /* Debug */,
				CE4D300B1AC41CD2003FAF33 /* Release */,
			);
			defaultConfigurationIsVisible = 0;
			defaultConfigurationName = Release;
		};
/* End XCConfigurationList section */
	};
	rootObject = CE4D2FDB1AC41CD2003FAF33 /* Project object */;
}
